<Solution>
  <Configurations>
    <Platform Name="x64" />
    <Platform Name="x86" />
  </Configurations>
  <Folder Name="/Solution Items/">
    <File Path="README.md" />
  </Folder>
  <Project Path="Editor/Editor.vcxproj" Id="82ee02ae-6820-46a6-872c-1434a4110f47">
    <BuildDependency Project="VulkanEngine/VulkanEngine.vcxproj" />
  </Project>
  <Project Path="SceneLoadTest/SceneLoadTest.vcxproj" Id="3c4b7d37-d9c8-4dee-bf02-55ad2281ca31" />
  <Project Path="TestGame/TestGame.vcxproj" Id="adfb085c-8252-440c-a37f-f8d8aa011b68">
    <BuildDependency Project="VulkanEngine/VulkanEngine.vcxproj" />
  </Project>
  <Project Path="VulkanEngine/VulkanEngine.vcxproj" Id="16b7ed00-b193-43ef-baa2-b3f2c53ac9cf" />
</Solution>
